#MicroXplorer Configuration settings - do not modify
Mcu.Family=STM32L1
ProjectManager.MainLocation=Src
PB13.GPIOParameters=GPIO_Speed,GPIO_PuPd,GPIO_Label
PA6.Mode=Full_Duplex_Master
PC7.GPIOParameters=PinState,GPIO_PuPd,GPIO_Label
PH0-OSC_IN.Signal=RCC_OSC_IN
USART2.IPParameters=VirtualMode,BaudRate
ProjectManager.KeepUserCode=true
Mcu.UserName=STM32L151R8TxA
SPI1.VirtualType=VM_MASTER
PC12.Locked=true
PC10.Locked=true
RCC.PLLCLKFreq_Value=16000000
PC10.Signal=GPIO_Output
PC12.Signal=GPIO_Output
PB14.GPIO_Label=LCD_RST
PC5.Locked=true
PC7.Locked=true
PB6.GPIO_ModeDefaultEXTI=GPIO_MODE_IT_RISING_FALLING
ProjectManager.functionlistsort=1-MX_GPIO_Init-GPIO-false-HAL-true,2-MX_DMA_Init-DMA-false-HAL-true,3-SystemClock_Config-RCC-false-HAL-false,4-MX_SPI1_Init-SPI1-false-HAL-true,5-MX_USART1_UART_Init-USART1-false-HAL-true,6-MX_USART2_UART_Init-USART2-false-HAL-true
PA9.GPIOParameters=GPIO_Label
PA11.GPIOParameters=GPIO_PuPd,GPIO_Label
PC6.GPIO_Label=BEEP
PC3.Locked=true
RCC.RTCFreq_Value=37000
PC9.Locked=true
PB0.GPIO_Label=KEY4
PB6.GPIO_Label=BLE_DON
PC10.GPIO_Speed=GPIO_SPEED_FREQ_MEDIUM
PA11.GPIO_PuPd=GPIO_PULLUP
NVIC.SVC_IRQn=true\:0\:0\:false\:false\:true\:false\:false
USART1.IPParameters=VirtualMode
PC1.Locked=true
PB13.GPIO_Label=LCD_SCK
PB11.Signal=GPXTI11
PB13.Signal=GPIO_Output
PB15.Signal=GPIO_Output
PinOutPanel.RotationAngle=0
PA0-WKUP1.GPIOParameters=GPIO_Label
RCC.SYSCLKSource=RCC_SYSCLKSOURCE_PLLCLK
ProjectManager.StackSize=0x400
PB5.GPIOParameters=GPIO_Label
PC8.PinState=GPIO_PIN_SET
Mcu.IP4=SYS
RCC.FCLKCortexFreq_Value=16000000
Mcu.IP5=USART1
Mcu.IP2=RCC
Mcu.IP3=SPI1
Mcu.IP0=DMA
Dma.USART1_TX.0.Priority=DMA_PRIORITY_LOW
Mcu.IP1=NVIC
RCC.PLLDIV=RCC_PLL_DIV4
SPI1.CLKPolarity=SPI_POLARITY_HIGH
Mcu.UserConstants=
Dma.USART1_TX.0.Direction=DMA_MEMORY_TO_PERIPH
PC1.GPIOParameters=PinState,GPIO_PuPd,GPIO_Label
Mcu.ThirdPartyNb=0
SPI1.Direction=SPI_DIRECTION_2LINES
PB1.GPIO_PuPd=GPIO_PULLUP
RCC.HCLKFreq_Value=16000000
Mcu.IPNb=7
ProjectManager.PreviousToolchain=
RCC.APB2TimFreq_Value=16000000
PB6.Signal=GPXTI6
PC7.Signal=GPIO_Output
PB12.PinState=GPIO_PIN_SET
SPI1.CalculateBaudRate=8.0 MBits/s
PC3.Signal=GPIO_Input
PA8.GPIOParameters=PinState,GPIO_Label
Mcu.Pin6=PA1
Mcu.Pin7=PA2
Mcu.Pin8=PA3
Mcu.Pin9=PA4
PC1.PinState=GPIO_PIN_SET
PA1.GPIO_PuPd=GPIO_PULLUP
RCC.AHBFreq_Value=16000000
PH0-OSC_IN.Mode=HSE-External-Oscillator
PB13.Locked=true
Mcu.Pin0=PH0-OSC_IN
Mcu.Pin1=PH1-OSC_OUT
GPIO.groupedBy=Group By Peripherals
Mcu.Pin2=PC1
Mcu.Pin3=PC2
Mcu.Pin4=PC3
NVIC.EXTI15_10_IRQn=true\:0\:0\:true\:false\:true\:true\:true
Mcu.Pin5=PA0-WKUP1
ProjectManager.ProjectBuild=false
RCC.HSE_VALUE=8000000
NVIC.UsageFault_IRQn=true\:0\:0\:false\:false\:true\:false\:false
NVIC.DebugMonitor_IRQn=true\:0\:0\:false\:false\:true\:false\:false
PA4.GPIO_PuPd=GPIO_NOPULL
PA8.Locked=true
PA4.Locked=true
PC1.GPIO_PuPd=GPIO_PULLUP
NVIC.SysTick_IRQn=true\:15\:0\:true\:false\:true\:false\:true
RCC.PLLMUL=RCC_PLL_MUL8
PB12.GPIO_Label=LCD_CS
ProjectManager.FirmwarePackage=STM32Cube FW_L1 V1.9.0
MxDb.Version=DB.5.0.60
PB0.GPIOParameters=GPIO_Label
PA1.GPIOParameters=PinState,GPIO_PuPd,GPIO_Label
ProjectManager.BackupPrevious=false
RCC.VCOInputFreq_Value=8000000
PC4.GPIO_Label=KEY3
PA14.Mode=Serial_Wire
PB1.GPIO_Label=AD3.3V_CTRL
PC11.GPIO_Label=LED_YELLOW
File.Version=6
PA10.GPIO_Label=BLE_UART_RX
PC7.PinState=GPIO_PIN_SET
PC11.GPIO_Speed=GPIO_SPEED_FREQ_MEDIUM
PB7.Signal=GPIO_Output
PA8.Signal=GPIO_Output
PB8.Locked=true
SH.GPXTI11.ConfNb=1
PB6.Locked=true
NVIC.PendSV_IRQn=true\:0\:0\:false\:false\:true\:false\:false
PC10.PinState=GPIO_PIN_SET
Dma.USART1_TX.0.PeriphDataAlignment=DMA_PDATAALIGN_BYTE
Dma.RequestsNb=1
PB6.GPIOParameters=GPIO_Label,GPIO_ModeDefaultEXTI
ProjectManager.HalAssertFull=false
PB0.Locked=true
ProjectManager.ProjectName=infusion
PB1.PinState=GPIO_PIN_SET
PH1-OSC_OUT.Mode=HSE-External-Oscillator
PB7.GPIO_Label=BLE_RST
PC8.GPIOParameters=PinState,GPIO_PuPd,GPIO_Label
Mcu.Package=LQFP64
PB9.Signal=GPIO_Input
PB14.GPIO_PuPd=GPIO_PULLUP
PB1.Signal=GPIO_Output
PA6.Signal=SPI1_MISO
SH.GPXTI11.0=GPIO_EXTI11
PB15.GPIO_PuPd=GPIO_PULLUP
USART2.VirtualMode=VM_ASYNC
ProjectManager.ToolChainLocation=
RCC.LSI_VALUE=37000
PB11.GPIO_ModeDefaultEXTI=GPIO_MODE_IT_FALLING
VP_SYS_VS_Systick.Signal=SYS_VS_Systick
PA10.Signal=USART1_RX
Dma.USART1_TX.0.Instance=DMA1_Channel4
PC6.GPIO_PuPd=GPIO_PULLUP
PA1.PinState=GPIO_PIN_SET
PB14.GPIOParameters=PinState,GPIO_PuPd,GPIO_Label
PB5.GPIO_Label=BLE_WAKEUP
RCC.APB1TimFreq_Value=16000000
NVIC.BusFault_IRQn=true\:0\:0\:false\:false\:true\:false\:false
PC4.Locked=true
PC5.Signal=GPIO_Output
PB10.GPIOParameters=GPIO_Label
NVIC.DMA1_Channel4_IRQn=true\:0\:0\:false\:false\:true\:false\:true
NVIC.USART1_IRQn=true\:1\:0\:true\:false\:true\:true\:true
Dma.Request0=USART1_TX
PA4.GPIO_Label=AD7799_CS
PC6.GPIO_Speed=GPIO_SPEED_FREQ_LOW
PC2.GPIO_Label=PWR_CTRL
ProjectManager.CustomerFirmwarePackage=
PC4.GPIOParameters=GPIO_Label
PA8.PinState=GPIO_PIN_SET
PB15.Locked=true
PA3.Signal=USART2_RX
PA5.Mode=Full_Duplex_Master
RCC.TIMFreq_Value=16000000
RCC.MSI_VALUE=2097000
RCC.PLLSourceVirtual=RCC_PLLSOURCE_HSE
ProjectManager.ProjectFileName=infusion.ioc
PB8.GPIOParameters=GPIO_Label
Dma.USART1_TX.0.MemInc=DMA_MINC_ENABLE
PA7.Mode=Full_Duplex_Master
PB9.GPIO_Label=BLE_DIN
Dma.USART1_TX.0.PeriphInc=DMA_PINC_DISABLE
PA10.Mode=Asynchronous
PC10.GPIO_Label=LED_BLUE
Mcu.PinsNb=42
PC9.GPIO_Label=LCD3.3V_CTRL
ProjectManager.NoMain=false
PC11.Locked=true
SPI1.IPParameters=VirtualType,Mode,Direction,CalculateBaudRate,CLKPolarity,CLKPhase
PA9.GPIO_Label=BLE_UART_TX
PC11.Signal=GPIO_Output
PA0-WKUP1.Locked=true
PC8.Signal=GPIO_Output
PC2.Signal=GPIO_Output
PC4.Signal=GPIO_Input
PC6.Signal=GPIO_Output
PB11.GPIO_Label=Bub_Det
PC9.PinState=GPIO_PIN_SET
PA11.GPIO_Label=BLE_SHDN
ProjectManager.DefaultFWLocation=true
SPI1.CLKPhase=SPI_PHASE_2EDGE
PB12.Locked=true
ProjectManager.DeletePrevious=true
PB14.Locked=true
PB10.Locked=true
PC5.GPIO_PuPd=GPIO_PULLUP
PC11.GPIOParameters=GPIO_Speed,PinState,GPIO_Label
RCC.TimerFreq_Value=16000000
NVIC.USART2_IRQn=true\:7\:0\:true\:false\:true\:true\:true
USART2.BaudRate=9600
RCC.FamilyName=M
PB9.GPIOParameters=GPIO_Label
PC3.GPIOParameters=GPIO_Label
SH.GPXTI6.0=GPIO_EXTI6
PC8.GPIO_Label=LCD_BK_CTRL
PC12.GPIOParameters=GPIO_Speed,PinState,GPIO_Label
PA3.Mode=Asynchronous
PA13.Signal=SYS_JTMS-SWDIO
SH.GPXTI6.ConfNb=1
PB8.GPIO_Label=BLE_STATE
PA9.Mode=Asynchronous
PA11.Locked=true
PA8.GPIO_Label=LCD_A0
PB14.PinState=GPIO_PIN_SET
PA4.PinState=GPIO_PIN_SET
PC12.PinState=GPIO_PIN_SET
ProjectManager.TargetToolchain=MDK-ARM V5.27
PB10.GPIO_Label=Bub_State
PB7.GPIOParameters=GPIO_Label
PC5.GPIOParameters=GPIO_PuPd,GPIO_Label
PC6.Locked=true
PA9.Signal=USART1_TX
PA0-WKUP1.Signal=GPIO_Input
PB13.GPIO_Speed=GPIO_SPEED_FREQ_VERY_HIGH
PB11.GPIOParameters=GPIO_Label,GPIO_ModeDefaultEXTI
PB5.Locked=true
PB9.Locked=true
Dma.USART1_TX.0.RequestParameters=Instance,Direction,PeriphInc,MemInc,PeriphDataAlignment,MemDataAlignment,Mode,Priority
PC2.Locked=true
PC7.GPIO_PuPd=GPIO_PULLUP
RCC.LSE_VALUE=32768
PA1.Signal=GPIO_Output
PB12.GPIO_Speed=GPIO_SPEED_FREQ_LOW
PB1.Locked=true
PB10.Signal=GPIO_Input
PB14.Signal=GPIO_Output
PA5.Signal=SPI1_SCK
Mcu.Pin40=PB9
Mcu.Pin41=VP_SYS_VS_Systick
RCC.MCOPinFreq_Value=16000000
Dma.USART1_TX.0.Mode=DMA_NORMAL
board=custom
RCC.VCOOutputFreq_Value=64000000
ProjectManager.LastFirmware=true
PB13.GPIO_PuPd=GPIO_PULLUP
RCC.APB2Freq_Value=16000000
PC11.PinState=GPIO_PIN_SET
MxCube.Version=5.6.1
Mcu.Pin37=PB6
Mcu.Pin38=PB7
PB15.GPIO_Label=LCD_SDA
Mcu.Pin35=PC12
Mcu.Pin36=PB5
SPI1.Mode=SPI_MODE_MASTER
Mcu.Pin39=PB8
PB15.GPIO_Speed=GPIO_SPEED_FREQ_VERY_HIGH
PC2.GPIOParameters=PinState,GPIO_PuPd,GPIO_Label
Mcu.Pin30=PA11
PA1.GPIO_Label=PWR_5V_CTRL
PC1.GPIO_Label=Bub5V_CTRL
PA10.GPIOParameters=GPIO_Label
VP_SYS_VS_Systick.Mode=SysTick
PC9.GPIO_PuPd=GPIO_PULLUP
Mcu.Pin33=PC10
PH1-OSC_OUT.Signal=RCC_OSC_OUT
Mcu.Pin34=PC11
Mcu.Pin31=PA13
Mcu.Pin32=PA14
NVIC.NonMaskableInt_IRQn=true\:0\:0\:false\:false\:true\:false\:false
PA4.GPIOParameters=PinState,GPIO_PuPd,GPIO_Label
PC10.GPIOParameters=GPIO_Speed,PinState,GPIO_Label
PC2.GPIO_PuPd=GPIO_PULLUP
PB15.GPIOParameters=GPIO_Speed,GPIO_PuPd,GPIO_Label
PA13.Mode=Serial_Wire
ProjectManager.FreePins=false
RCC.IPParameters=48MHZClocksFreq_Value,AHBFreq_Value,APB1Freq_Value,APB1TimFreq_Value,APB2Freq_Value,APB2TimFreq_Value,FCLKCortexFreq_Value,FamilyName,HCLKFreq_Value,HSE_VALUE,HSI_VALUE,LSE_VALUE,LSI_VALUE,MCOPinFreq_Value,MSI_VALUE,PLLCLKFreq_Value,PLLDIV,PLLMUL,PLLSourceVirtual,PWRFreq_Value,RTCFreq_Value,RTCHSEDivFreq_Value,SYSCLKFreq_VALUE,SYSCLKSource,TIMFreq_Value,TimerFreq_Value,VCOInputFreq_Value,VCOOutputFreq_Value
PC9.GPIOParameters=PinState,GPIO_PuPd,GPIO_Label
ProjectManager.AskForMigrate=true
Mcu.Name=STM32L151R(6-8-B)TxA
Mcu.Pin26=PC9
Mcu.Pin27=PA8
RCC.RTCHSEDivFreq_Value=4000000
PA2.Signal=USART2_TX
Mcu.Pin24=PC7
ProjectManager.UnderRoot=false
Mcu.Pin25=PC8
PC7.GPIO_Label=LCD5V_CTRL
Mcu.Pin28=PA9
Mcu.IP6=USART2
Mcu.Pin29=PA10
ProjectManager.CoupleFile=true
RCC.48MHZClocksFreq_Value=32000000
PC8.GPIO_PuPd=GPIO_PULLUP
PA4.Signal=GPIO_Output
RCC.SYSCLKFreq_VALUE=16000000
Mcu.Pin22=PB15
PB5.Signal=GPIO_Output
Mcu.Pin23=PC6
PA1.Locked=true
Mcu.Pin20=PB13
Mcu.Pin21=PB14
PC2.PinState=GPIO_PIN_SET
NVIC.ForceEnableDMAVector=true
KeepUserPlacement=false
PC5.GPIO_Label=AD5V_CTRL
NVIC.MemoryManagement_IRQn=true\:0\:0\:false\:false\:true\:false\:false
PC12.GPIO_Label=LED_RED
USART1.VirtualMode=VM_ASYNC
ProjectManager.CompilerOptimize=6
PA11.Signal=GPIO_Output
Dma.USART1_TX.0.MemDataAlignment=DMA_MDATAALIGN_BYTE
NVIC.EXTI9_5_IRQn=true\:0\:0\:false\:false\:true\:true\:true
PA14.Signal=SYS_JTCK-SWCLK
PA0-WKUP1.GPIO_Label=KEY1
ProjectManager.HeapSize=0x200
Mcu.Pin15=PB0
NVIC.HardFault_IRQn=true\:0\:0\:false\:false\:true\:false\:false
Mcu.Pin16=PB1
Mcu.Pin13=PC4
Mcu.Pin14=PC5
PC6.GPIOParameters=GPIO_Speed,GPIO_PuPd,GPIO_Label
Mcu.Pin19=PB12
ProjectManager.ComputerToolchain=false
Mcu.Pin17=PB10
RCC.HSI_VALUE=16000000
Mcu.Pin18=PB11
NVIC.PriorityGroup=NVIC_PRIORITYGROUP_4
Mcu.Pin11=PA6
Mcu.Pin12=PA7
Mcu.Pin10=PA5
PB7.Locked=true
PA2.Mode=Asynchronous
PB8.Signal=GPIO_Input
PC3.GPIO_Label=KEY2
RCC.PWRFreq_Value=16000000
PC8.Locked=true
PC9.Signal=GPIO_Output
PB1.GPIO_ModeDefaultOutputPP=GPIO_MODE_OUTPUT_PP
PB12.GPIO_PuPd=GPIO_NOPULL
RCC.APB1Freq_Value=16000000
PC12.GPIO_Speed=GPIO_SPEED_FREQ_MEDIUM
PB0.Signal=GPIO_Input
PB11.Locked=true
ProjectManager.DeviceId=STM32L151R8TxA
PC1.Signal=GPIO_Output
PB12.GPIOParameters=GPIO_Speed,PinState,GPIO_PuPd,GPIO_Label
PB12.Signal=GPIO_Output
ProjectManager.LibraryCopy=1
PB1.GPIOParameters=PinState,GPIO_PuPd,GPIO_Label,GPIO_ModeDefaultOutputPP
PA7.Signal=SPI1_MOSI
